
Microsoft Visual Studio Solution File, Format Version 12.00
# Visual Studio 15
Project("{FAE04EC0-301F-11D3-BF4B-00C04F79EFBC}") = "WebApiSample", "WebApiSample.csproj", "{A0215A6A-D636-42F1-B0B9-B08D02DEF751}"
EndProject
Global
	GlobalSection(SolutionConfigurationPlatforms) = preSolution
		Debug|Any CPU = Debug|Any CPU
		Release|Any CPU = Release|Any CPU
	EndGlobalSection
	GlobalSection(ProjectConfigurationPlatforms) = postSolution
		{A0215A6A-D636-42F1-B0B9-B08D02DEF751}.Debug|Any CPU.ActiveCfg = Debug|Any CPU
		{A0215A6A-D636-42F1-B0B9-B08D02DEF751}.Debug|Any CPU.Build.0 = Debug|Any CPU
		{A0215A6A-D636-42F1-B0B9-B08D02DEF751}.Release|Any CPU.ActiveCfg = Release|Any CPU
		{A0215A6A-D636-42F1-B0B9-B08D02DEF751}.Release|Any CPU.Build.0 = Release|Any CPU
	EndGlobalSection
EndGlobal
